
Microsoft Visual Studio Solution File, Format Version 12.00
# Visual Studio Version 17
VisualStudioVersion = 17.1.32210.238
MinimumVisualStudioVersion = 10.0.40219.1
Project("{FAE04EC0-301F-11D3-BF4B-00C04F79EFBC}") = "c-sharp-intermediate", "c-sharp-intermediate\c-sharp-intermediate.csproj", "{227ECDC4-7D8D-4426-98D1-19EDD60F7C66}"
EndProject
Global
	GlobalSection(SolutionConfigurationPlatforms) = preSolution
		Debug|Any CPU = Debug|Any CPU
		Release|Any CPU = Release|Any CPU
	EndGlobalSection
	GlobalSection(ProjectConfigurationPlatforms) = postSolution
		{227ECDC4-7D8D-4426-98D1-19EDD60F7C66}.Debug|Any CPU.ActiveCfg = Debug|Any CPU
		{227ECDC4-7D8D-4426-98D1-19EDD60F7C66}.Debug|Any CPU.Build.0 = Debug|Any CPU
		{227ECDC4-7D8D-4426-98D1-19EDD60F7C66}.Release|Any CPU.ActiveCfg = Release|Any CPU
		{227ECDC4-7D8D-4426-98D1-19EDD60F7C66}.Release|Any CPU.Build.0 = Release|Any CPU
	EndGlobalSection
	GlobalSection(SolutionProperties) = preSolution
		HideSolutionNode = FALSE
	EndGlobalSection
	GlobalSection(ExtensibilityGlobals) = postSolution
		SolutionGuid = {D8E917E4-EF5D-4A8F-AA99-DDA4D1D51F7C}
	EndGlobalSection
EndGlobal
